
Microsoft Visual Studio Solution File, Format Version 12.00
# Visual Studio Version 16
VisualStudioVersion = 25.0.1705.3
MinimumVisualStudioVersion = 10.0.40219.1
Project("{FAE04EC0-301F-11D3-BF4B-00C04F79EFBC}") = "DockerTest", "DockerTest\DockerTest.csproj", "{8F47DA07-B811-496A-8E0F-F2B0A31D4BD8}"
EndProject
Project("{E53339B2-1760-4266-BCC7-CA923CBCF16C}") = "docker-compose", "docker-compose.dcproj", "{94649DE6-7D33-40EB-B22F-FA0659E1C902}"
EndProject
Global
	GlobalSection(SolutionConfigurationPlatforms) = preSolution
		Debug|Any CPU = Debug|Any CPU
		Release|Any CPU = Release|Any CPU
	EndGlobalSection
	GlobalSection(ProjectConfigurationPlatforms) = postSolution
		{8F47DA07-B811-496A-8E0F-F2B0A31D4BD8}.Debug|Any CPU.ActiveCfg = Debug|Any CPU
		{8F47DA07-B811-496A-8E0F-F2B0A31D4BD8}.Debug|Any CPU.Build.0 = Debug|Any CPU
		{8F47DA07-B811-496A-8E0F-F2B0A31D4BD8}.Release|Any CPU.ActiveCfg = Release|Any CPU
		{8F47DA07-B811-496A-8E0F-F2B0A31D4BD8}.Release|Any CPU.Build.0 = Release|Any CPU
		{94649DE6-7D33-40EB-B22F-FA0659E1C902}.Debug|Any CPU.ActiveCfg = Debug|Any CPU
		{94649DE6-7D33-40EB-B22F-FA0659E1C902}.Debug|Any CPU.Build.0 = Debug|Any CPU
		{94649DE6-7D33-40EB-B22F-FA0659E1C902}.Release|Any CPU.ActiveCfg = Release|Any CPU
		{94649DE6-7D33-40EB-B22F-FA0659E1C902}.Release|Any CPU.Build.0 = Release|Any CPU
	EndGlobalSection
	GlobalSection(SolutionProperties) = preSolution
		HideSolutionNode = FALSE
	EndGlobalSection
	GlobalSection(ExtensibilityGlobals) = postSolution
		SolutionGuid = {43F6AFDF-640B-48BA-A3B4-93867397C8A6}
	EndGlobalSection
EndGlobal
